// !$*UTF8*$!
{
	archiveVersion = 1;
	classes = {
	};
	objectVersion = 55;
	objects = {

/* Begin PBXBuildFile section */
		DF26AC0927AE94F700590A01 /* ScrumStore.swift .swift in Sources */ = {isa = PBXBuildFile; fileRef = DF26AC0827AE94F700590A01 /* ScrumStore.swift .swift */; };
		DF26AC0B27B0473B00590A01 /* ErrorWrapper.swift in Sources */ = {isa = PBXBuildFile; fileRef = DF26AC0A27B0473B00590A01 /* ErrorWrapper.swift */; };
		DF26AC0D27B0483400590A01 /* ErrorView.swift in Sources */ = {isa = PBXBuildFile; fileRef = DF26AC0C27B0483400590A01 /* ErrorView.swift */; };
		DF26AC0F27B1119800590A01 /* MeetingTimerView.swift in Sources */ = {isa = PBXBuildFile; fileRef = DF26AC0E27B1119800590A01 /* MeetingTimerView.swift */; };
		DF26AC1127B11D3400590A01 /* SpeakerArc.swift in Sources */ = {isa = PBXBuildFile; fileRef = DF26AC1027B11D3400590A01 /* SpeakerArc.swift */; };
		DF56DB1027A327A200340A7B /* Theme.swift in Sources */ = {isa = PBXBuildFile; fileRef = DF56DB0F27A327A200340A7B /* Theme.swift */; };
		DF56DB1227A3294500340A7B /* DailyScrum.swift in Sources */ = {isa = PBXBuildFile; fileRef = DF56DB1127A3294500340A7B /* DailyScrum.swift */; };
		DF56DB1427A32AF600340A7B /* CardView.swift in Sources */ = {isa = PBXBuildFile; fileRef = DF56DB1327A32AF600340A7B /* CardView.swift */; };
		DF56DB1627A331B000340A7B /* TrailingIconLabelStyle.swift in Sources */ = {isa = PBXBuildFile; fileRef = DF56DB1527A331B000340A7B /* TrailingIconLabelStyle.swift */; };
		DF56DB1927A3391900340A7B /* ScrumsView.swift in Sources */ = {isa = PBXBuildFile; fileRef = DF56DB1827A3391900340A7B /* ScrumsView.swift */; };
		DFA34A0A27A08BE0006B3A9B /* ScrumdingerApp.swift in Sources */ = {isa = PBXBuildFile; fileRef = DFA34A0927A08BE0006B3A9B /* ScrumdingerApp.swift */; };
		DFA34A0C27A08BE0006B3A9B /* MeetingView.swift in Sources */ = {isa = PBXBuildFile; fileRef = DFA34A0B27A08BE0006B3A9B /* MeetingView.swift */; };
		DFA34A0E27A08BE1006B3A9B /* Assets.xcassets in Resources */ = {isa = PBXBuildFile; fileRef = DFA34A0D27A08BE1006B3A9B /* Assets.xcassets */; };
		DFA34A1127A08BE1006B3A9B /* Preview Assets.xcassets in Resources */ = {isa = PBXBuildFile; fileRef = DFA34A1027A08BE1006B3A9B /* Preview Assets.xcassets */; };
		DFA34A1B27A08BE2006B3A9B /* ScrumdingerTests.swift in Sources */ = {isa = PBXBuildFile; fileRef = DFA34A1A27A08BE2006B3A9B /* ScrumdingerTests.swift */; };
		DFA34A2527A08BE2006B3A9B /* ScrumdingerUITests.swift in Sources */ = {isa = PBXBuildFile; fileRef = DFA34A2427A08BE2006B3A9B /* ScrumdingerUITests.swift */; };
		DFA34A2727A08BE2006B3A9B /* ScrumdingerUITestsLaunchTests.swift in Sources */ = {isa = PBXBuildFile; fileRef = DFA34A2627A08BE2006B3A9B /* ScrumdingerUITestsLaunchTests.swift */; };
		DFADA2FF27A5FAA600D92EA2 /* DetailView.swift in Sources */ = {isa = PBXBuildFile; fileRef = DFADA2FE27A5FAA600D92EA2 /* DetailView.swift */; };
		DFCEAD7427A6F74C00D1B388 /* DetailEditView.swift in Sources */ = {isa = PBXBuildFile; fileRef = DFCEAD7327A6F74C00D1B388 /* DetailEditView.swift */; };
		DFCEAD7627A70EE800D1B388 /* ThemeView.swift in Sources */ = {isa = PBXBuildFile; fileRef = DFCEAD7527A70EE800D1B388 /* ThemeView.swift */; };
		DFCEAD7827A716E500D1B388 /* ThemePicker.swift in Sources */ = {isa = PBXBuildFile; fileRef = DFCEAD7727A716E500D1B388 /* ThemePicker.swift */; };
		DFCEAD7E27A86BFA00D1B388 /* MeetingHeaderView.swift in Sources */ = {isa = PBXBuildFile; fileRef = DFCEAD7D27A86BFA00D1B388 /* MeetingHeaderView.swift */; };
		DFCEAD8027A8746F00D1B388 /* ScrumProgressViewStyle.swift in Sources */ = {isa = PBXBuildFile; fileRef = DFCEAD7F27A8746F00D1B388 /* ScrumProgressViewStyle.swift */; };
		DFCEAD8227A9C56D00D1B388 /* ScrumTimer.swift in Sources */ = {isa = PBXBuildFile; fileRef = DFCEAD8127A9C56D00D1B388 /* ScrumTimer.swift */; };
		DFCEAD8427AB1FA400D1B388 /* MeetingFooterView.swift in Sources */ = {isa = PBXBuildFile; fileRef = DFCEAD8327AB1FA400D1B388 /* MeetingFooterView.swift */; };
		DFCEAD8627AB281000D1B388 /* AVPlayer+Ding.swift in Sources */ = {isa = PBXBuildFile; fileRef = DFCEAD8527AB281000D1B388 /* AVPlayer+Ding.swift */; };
		DFCEAD8827AB289300D1B388 /* ding.wav in Resources */ = {isa = PBXBuildFile; fileRef = DFCEAD8727AB289300D1B388 /* ding.wav */; };
		DFCEAD8A27AC77D100D1B388 /* History.swift in Sources */ = {isa = PBXBuildFile; fileRef = DFCEAD8927AC77D100D1B388 /* History.swift */; };
		DFE04A7A27A3496B001BB288 /* ThemeTests.swift in Sources */ = {isa = PBXBuildFile; fileRef = DFE04A7927A3496B001BB288 /* ThemeTests.swift */; };
/* End PBXBuildFile section */

/* Begin PBXContainerItemProxy section */
		DFA34A1727A08BE2006B3A9B /* PBXContainerItemProxy */ = {
			isa = PBXContainerItemProxy;
			containerPortal = DFA349FE27A08BE0006B3A9B /* Project object */;
			proxyType = 1;
			remoteGlobalIDString = DFA34A0527A08BE0006B3A9B;
			remoteInfo = Scrumdinger;
		};
		DFA34A2127A08BE2006B3A9B /* PBXContainerItemProxy */ = {
			isa = PBXContainerItemProxy;
			containerPortal = DFA349FE27A08BE0006B3A9B /* Project object */;
			proxyType = 1;
			remoteGlobalIDString = DFA34A0527A08BE0006B3A9B;
			remoteInfo = Scrumdinger;
		};
/* End PBXContainerItemProxy section */

/* Begin PBXFileReference section */
		DF26AC0827AE94F700590A01 /* ScrumStore.swift .swift */ = {isa = PBXFileReference; lastKnownFileType = sourcecode.swift; path = "ScrumStore.swift .swift"; sourceTree = "<group>"; };
		DF26AC0A27B0473B00590A01 /* ErrorWrapper.swift */ = {isa = PBXFileReference; lastKnownFileType = sourcecode.swift; path = ErrorWrapper.swift; sourceTree = "<group>"; };
		DF26AC0C27B0483400590A01 /* ErrorView.swift */ = {isa = PBXFileReference; lastKnownFileType = sourcecode.swift; path = ErrorView.swift; sourceTree = "<group>"; };
		DF26AC0E27B1119800590A01 /* MeetingTimerView.swift */ = {isa = PBXFileReference; lastKnownFileType = sourcecode.swift; path = MeetingTimerView.swift; sourceTree = "<group>"; };
		DF26AC1027B11D3400590A01 /* SpeakerArc.swift */ = {isa = PBXFileReference; lastKnownFileType = sourcecode.swift; path = SpeakerArc.swift; sourceTree = "<group>"; };
		DF56DB0F27A327A200340A7B /* Theme.swift */ = {isa = PBXFileReference; lastKnownFileType = sourcecode.swift; path = Theme.swift; sourceTree = "<group>"; };
		DF56DB1127A3294500340A7B /* DailyScrum.swift */ = {isa = PBXFileReference; lastKnownFileType = sourcecode.swift; path = DailyScrum.swift; sourceTree = "<group>"; };
		DF56DB1327A32AF600340A7B /* CardView.swift */ = {isa = PBXFileReference; lastKnownFileType = sourcecode.swift; path = CardView.swift; sourceTree = "<group>"; };
		DF56DB1527A331B000340A7B /* TrailingIconLabelStyle.swift */ = {isa = PBXFileReference; lastKnownFileType = sourcecode.swift; path = TrailingIconLabelStyle.swift; sourceTree = "<group>"; };
		DF56DB1827A3391900340A7B /* ScrumsView.swift */ = {isa = PBXFileReference; lastKnownFileType = sourcecode.swift; path = ScrumsView.swift; sourceTree = "<group>"; };
		DFA34A0627A08BE0006B3A9B /* Scrumdinger.app */ = {isa = PBXFileReference; explicitFileType = wrapper.application; includeInIndex = 0; path = Scrumdinger.app; sourceTree = BUILT_PRODUCTS_DIR; };
		DFA34A0927A08BE0006B3A9B /* ScrumdingerApp.swift */ = {isa = PBXFileReference; lastKnownFileType = sourcecode.swift; path = ScrumdingerApp.swift; sourceTree = "<group>"; };
		DFA34A0B27A08BE0006B3A9B /* MeetingView.swift */ = {isa = PBXFileReference; lastKnownFileType = sourcecode.swift; path = MeetingView.swift; sourceTree = "<group>"; };
		DFA34A0D27A08BE1006B3A9B /* Assets.xcassets */ = {isa = PBXFileReference; lastKnownFileType = folder.assetcatalog; path = Assets.xcassets; sourceTree = "<group>"; };
		DFA34A1027A08BE1006B3A9B /* Preview Assets.xcassets */ = {isa = PBXFileReference; lastKnownFileType = folder.assetcatalog; path = "Preview Assets.xcassets"; sourceTree = "<group>"; };
		DFA34A1627A08BE2006B3A9B /* ScrumdingerTests.xctest */ = {isa = PBXFileReference; explicitFileType = wrapper.cfbundle; includeInIndex = 0; path = ScrumdingerTests.xctest; sourceTree = BUILT_PRODUCTS_DIR; };
		DFA34A1A27A08BE2006B3A9B /* ScrumdingerTests.swift */ = {isa = PBXFileReference; lastKnownFileType = sourcecode.swift; path = ScrumdingerTests.swift; sourceTree = "<group>"; };
		DFA34A2027A08BE2006B3A9B /* ScrumdingerUITests.xctest */ = {isa = PBXFileReference; explicitFileType = wrapper.cfbundle; includeInIndex = 0; path = ScrumdingerUITests.xctest; sourceTree = BUILT_PRODUCTS_DIR; };
		DFA34A2427A08BE2006B3A9B /* ScrumdingerUITests.swift */ = {isa = PBXFileReference; lastKnownFileType = sourcecode.swift; path = ScrumdingerUITests.swift; sourceTree = "<group>"; };
		DFA34A2627A08BE2006B3A9B /* ScrumdingerUITestsLaunchTests.swift */ = {isa = PBXFileReference; lastKnownFileType = sourcecode.swift; path = ScrumdingerUITestsLaunchTests.swift; sourceTree = "<group>"; };
		DFADA2FE27A5FAA600D92EA2 /* DetailView.swift */ = {isa = PBXFileReference; lastKnownFileType = sourcecode.swift; path = DetailView.swift; sourceTree = "<group>"; };
		DFCEAD7327A6F74C00D1B388 /* DetailEditView.swift */ = {isa = PBXFileReference; lastKnownFileType = sourcecode.swift; path = DetailEditView.swift; sourceTree = "<group>"; };
		DFCEAD7527A70EE800D1B388 /* ThemeView.swift */ = {isa = PBXFileReference; lastKnownFileType = sourcecode.swift; path = ThemeView.swift; sourceTree = "<group>"; };
		DFCEAD7727A716E500D1B388 /* ThemePicker.swift */ = {isa = PBXFileReference; lastKnownFileType = sourcecode.swift; path = ThemePicker.swift; sourceTree = "<group>"; };
		DFCEAD7D27A86BFA00D1B388 /* MeetingHeaderView.swift */ = {isa = PBXFileReference; lastKnownFileType = sourcecode.swift; path = MeetingHeaderView.swift; sourceTree = "<group>"; };
		DFCEAD7F27A8746F00D1B388 /* ScrumProgressViewStyle.swift */ = {isa = PBXFileReference; fileEncoding = 4; lastKnownFileType = sourcecode.swift; path = ScrumProgressViewStyle.swift; sourceTree = "<group>"; };
		DFCEAD8127A9C56D00D1B388 /* ScrumTimer.swift */ = {isa = PBXFileReference; fileEncoding = 4; lastKnownFileType = sourcecode.swift; path = ScrumTimer.swift; sourceTree = "<group>"; };
		DFCEAD8327AB1FA400D1B388 /* MeetingFooterView.swift */ = {isa = PBXFileReference; lastKnownFileType = sourcecode.swift; path = MeetingFooterView.swift; sourceTree = "<group>"; };
		DFCEAD8527AB281000D1B388 /* AVPlayer+Ding.swift */ = {isa = PBXFileReference; fileEncoding = 4; lastKnownFileType = sourcecode.swift; path = "AVPlayer+Ding.swift"; sourceTree = "<group>"; };
		DFCEAD8727AB289300D1B388 /* ding.wav */ = {isa = PBXFileReference; lastKnownFileType = audio.wav; path = ding.wav; sourceTree = "<group>"; };
		DFCEAD8927AC77D100D1B388 /* History.swift */ = {isa = PBXFileReference; lastKnownFileType = sourcecode.swift; path = History.swift; sourceTree = "<group>"; };
		DFE04A7927A3496B001BB288 /* ThemeTests.swift */ = {isa = PBXFileReference; lastKnownFileType = sourcecode.swift; path = ThemeTests.swift; sourceTree = "<group>"; };
/* End PBXFileReference section */

/* Begin PBXFrameworksBuildPhase section */
		DFA34A0327A08BE0006B3A9B /* Frameworks */ = {
			isa = PBXFrameworksBuildPhase;
			buildActionMask = 2147483647;
			files = (
			);
			runOnlyForDeploymentPostprocessing = 0;
		};
		DFA34A1327A08BE2006B3A9B /* Frameworks */ = {
			isa = PBXFrameworksBuildPhase;
			buildActionMask = 2147483647;
			files = (
			);
			runOnlyForDeploymentPostprocessing = 0;
		};
		DFA34A1D27A08BE2006B3A9B /* Frameworks */ = {
			isa = PBXFrameworksBuildPhase;
			buildActionMask = 2147483647;
			files = (
			);
			runOnlyForDeploymentPostprocessing = 0;
		};
/* End PBXFrameworksBuildPhase section */

/* Begin PBXGroup section */
		DF56DB0E27A3276500340A7B /* Models */ = {
			isa = PBXGroup;
			children = (
				DF56DB0F27A327A200340A7B /* Theme.swift */,
				DF56DB1127A3294500340A7B /* DailyScrum.swift */,
				DFCEAD8127A9C56D00D1B388 /* ScrumTimer.swift */,
				DFCEAD8527AB281000D1B388 /* AVPlayer+Ding.swift */,
				DFCEAD8927AC77D100D1B388 /* History.swift */,
				DF26AC0827AE94F700590A01 /* ScrumStore.swift .swift */,
				DF26AC0A27B0473B00590A01 /* ErrorWrapper.swift */,
			);
			path = Models;
			sourceTree = "<group>";
		};
		DF56DB1727A337E300340A7B /* Helpers */ = {
			isa = PBXGroup;
			children = (
				DF56DB1527A331B000340A7B /* TrailingIconLabelStyle.swift */,
				DFCEAD7F27A8746F00D1B388 /* ScrumProgressViewStyle.swift */,
				DF26AC1027B11D3400590A01 /* SpeakerArc.swift */,
			);
			path = Helpers;
			sourceTree = "<group>";
		};
		DFA349FD27A08BE0006B3A9B = {
			isa = PBXGroup;
			children = (
				DFA34A0827A08BE0006B3A9B /* Scrumdinger */,
				DFA34A1927A08BE2006B3A9B /* ScrumdingerTests */,
				DFA34A2327A08BE2006B3A9B /* ScrumdingerUITests */,
				DFA34A0727A08BE0006B3A9B /* Products */,
			);
			sourceTree = "<group>";
		};
		DFA34A0727A08BE0006B3A9B /* Products */ = {
			isa = PBXGroup;
			children = (
				DFA34A0627A08BE0006B3A9B /* Scrumdinger.app */,
				DFA34A1627A08BE2006B3A9B /* ScrumdingerTests.xctest */,
				DFA34A2027A08BE2006B3A9B /* ScrumdingerUITests.xctest */,
			);
			name = Products;
			sourceTree = "<group>";
		};
		DFA34A0827A08BE0006B3A9B /* Scrumdinger */ = {
			isa = PBXGroup;
			children = (
				DFA34A0927A08BE0006B3A9B /* ScrumdingerApp.swift */,
				DF56DB0E27A3276500340A7B /* Models */,
				DFA34A3427A08D58006B3A9B /* Views */,
				DFA34A3527A08D70006B3A9B /* Resources */,
				DFA34A0F27A08BE1006B3A9B /* Preview Content */,
			);
			path = Scrumdinger;
			sourceTree = "<group>";
		};
		DFA34A0F27A08BE1006B3A9B /* Preview Content */ = {
			isa = PBXGroup;
			children = (
				DFA34A1027A08BE1006B3A9B /* Preview Assets.xcassets */,
			);
			path = "Preview Content";
			sourceTree = "<group>";
		};
		DFA34A1927A08BE2006B3A9B /* ScrumdingerTests */ = {
			isa = PBXGroup;
			children = (
				DFA34A1A27A08BE2006B3A9B /* ScrumdingerTests.swift */,
				DFE04A7927A3496B001BB288 /* ThemeTests.swift */,
			);
			path = ScrumdingerTests;
			sourceTree = "<group>";
		};
		DFA34A2327A08BE2006B3A9B /* ScrumdingerUITests */ = {
			isa = PBXGroup;
			children = (
				DFA34A2427A08BE2006B3A9B /* ScrumdingerUITests.swift */,
				DFA34A2627A08BE2006B3A9B /* ScrumdingerUITestsLaunchTests.swift */,
			);
			path = ScrumdingerUITests;
			sourceTree = "<group>";
		};
		DFA34A3427A08D58006B3A9B /* Views */ = {
			isa = PBXGroup;
			children = (
				DF56DB1827A3391900340A7B /* ScrumsView.swift */,
				DF56DB1327A32AF600340A7B /* CardView.swift */,
				DFCEAD7A27A8103E00D1B388 /* Detail */,
				DFCEAD7C27A86BD400D1B388 /* MeetingView */,
				DFCEAD7927A80F9D00D1B388 /* Theme */,
				DF56DB1727A337E300340A7B /* Helpers */,
				DF26AC0C27B0483400590A01 /* ErrorView.swift */,
			);
			path = Views;
			sourceTree = "<group>";
		};
		DFA34A3527A08D70006B3A9B /* Resources */ = {
			isa = PBXGroup;
			children = (
				DFA34A0D27A08BE1006B3A9B /* Assets.xcassets */,
				DFCEAD8727AB289300D1B388 /* ding.wav */,
			);
			path = Resources;
			sourceTree = "<group>";
		};
		DFCEAD7927A80F9D00D1B388 /* Theme */ = {
			isa = PBXGroup;
			children = (
				DFCEAD7727A716E500D1B388 /* ThemePicker.swift */,
				DFCEAD7527A70EE800D1B388 /* ThemeView.swift */,
			);
			path = Theme;
			sourceTree = "<group>";
		};
		DFCEAD7A27A8103E00D1B388 /* Detail */ = {
			isa = PBXGroup;
			children = (
				DFADA2FE27A5FAA600D92EA2 /* DetailView.swift */,
				DFCEAD7327A6F74C00D1B388 /* DetailEditView.swift */,
			);
			path = Detail;
			sourceTree = "<group>";
		};
		DFCEAD7C27A86BD400D1B388 /* MeetingView */ = {
			isa = PBXGroup;
			children = (
				DFA34A0B27A08BE0006B3A9B /* MeetingView.swift */,
				DFCEAD7D27A86BFA00D1B388 /* MeetingHeaderView.swift */,
				DFCEAD8327AB1FA400D1B388 /* MeetingFooterView.swift */,
				DF26AC0E27B1119800590A01 /* MeetingTimerView.swift */,
			);
			path = MeetingView;
			sourceTree = "<group>";
		};
/* End PBXGroup section */

/* Begin PBXNativeTarget section */
		DFA34A0527A08BE0006B3A9B /* Scrumdinger */ = {
			isa = PBXNativeTarget;
			buildConfigurationList = DFA34A2A27A08BE2006B3A9B /* Build configuration list for PBXNativeTarget "Scrumdinger" */;
			buildPhases = (
				DFA34A3327A08CBF006B3A9B /* SwiftLint */,
				DFA34A0227A08BE0006B3A9B /* Sources */,
				DFA34A0327A08BE0006B3A9B /* Frameworks */,
				DFA34A0427A08BE0006B3A9B /* Resources */,
			);
			buildRules = (
			);
			dependencies = (
			);
			name = Scrumdinger;
			productName = Scrumdinger;
			productReference = DFA34A0627A08BE0006B3A9B /* Scrumdinger.app */;
			productType = "com.apple.product-type.application";
		};
		DFA34A1527A08BE2006B3A9B /* ScrumdingerTests */ = {
			isa = PBXNativeTarget;
			buildConfigurationList = DFA34A2D27A08BE2006B3A9B /* Build configuration list for PBXNativeTarget "ScrumdingerTests" */;
			buildPhases = (
				DFA34A1227A08BE2006B3A9B /* Sources */,
				DFA34A1327A08BE2006B3A9B /* Frameworks */,
				DFA34A1427A08BE2006B3A9B /* Resources */,
			);
			buildRules = (
			);
			dependencies = (
				DFA34A1827A08BE2006B3A9B /* PBXTargetDependency */,
			);
			name = ScrumdingerTests;
			productName = ScrumdingerTests;
			productReference = DFA34A1627A08BE2006B3A9B /* ScrumdingerTests.xctest */;
			productType = "com.apple.product-type.bundle.unit-test";
		};
		DFA34A1F27A08BE2006B3A9B /* ScrumdingerUITests */ = {
			isa = PBXNativeTarget;
			buildConfigurationList = DFA34A3027A08BE2006B3A9B /* Build configuration list for PBXNativeTarget "ScrumdingerUITests" */;
			buildPhases = (
				DFA34A1C27A08BE2006B3A9B /* Sources */,
				DFA34A1D27A08BE2006B3A9B /* Frameworks */,
				DFA34A1E27A08BE2006B3A9B /* Resources */,
			);
			buildRules = (
			);
			dependencies = (
				DFA34A2227A08BE2006B3A9B /* PBXTargetDependency */,
			);
			name = ScrumdingerUITests;
			productName = ScrumdingerUITests;
			productReference = DFA34A2027A08BE2006B3A9B /* ScrumdingerUITests.xctest */;
			productType = "com.apple.product-type.bundle.ui-testing";
		};
/* End PBXNativeTarget section */

/* Begin PBXProject section */
		DFA349FE27A08BE0006B3A9B /* Project object */ = {
			isa = PBXProject;
			attributes = {
				BuildIndependentTargetsInParallel = 1;
				LastSwiftUpdateCheck = 1320;
				LastUpgradeCheck = 1320;
				TargetAttributes = {
					DFA34A0527A08BE0006B3A9B = {
						CreatedOnToolsVersion = 13.2.1;
					};
					DFA34A1527A08BE2006B3A9B = {
						CreatedOnToolsVersion = 13.2.1;
						TestTargetID = DFA34A0527A08BE0006B3A9B;
					};
					DFA34A1F27A08BE2006B3A9B = {
						CreatedOnToolsVersion = 13.2.1;
						TestTargetID = DFA34A0527A08BE0006B3A9B;
					};
				};
			};
			buildConfigurationList = DFA34A0127A08BE0006B3A9B /* Build configuration list for PBXProject "Scrumdinger" */;
			compatibilityVersion = "Xcode 13.0";
			developmentRegion = en;
			hasScannedForEncodings = 0;
			knownRegions = (
				en,
				Base,
			);
			mainGroup = DFA349FD27A08BE0006B3A9B;
			productRefGroup = DFA34A0727A08BE0006B3A9B /* Products */;
			projectDirPath = "";
			projectRoot = "";
			targets = (
				DFA34A0527A08BE0006B3A9B /* Scrumdinger */,
				DFA34A1527A08BE2006B3A9B /* ScrumdingerTests */,
				DFA34A1F27A08BE2006B3A9B /* ScrumdingerUITests */,
			);
		};
/* End PBXProject section */

/* Begin PBXResourcesBuildPhase section */
		DFA34A0427A08BE0006B3A9B /* Resources */ = {
			isa = PBXResourcesBuildPhase;
			buildActionMask = 2147483647;
			files = (
				DFCEAD8827AB289300D1B388 /* ding.wav in Resources */,
				DFA34A1127A08BE1006B3A9B /* Preview Assets.xcassets in Resources */,
				DFA34A0E27A08BE1006B3A9B /* Assets.xcassets in Resources */,
			);
			runOnlyForDeploymentPostprocessing = 0;
		};
		DFA34A1427A08BE2006B3A9B /* Resources */ = {
			isa = PBXResourcesBuildPhase;
			buildActionMask = 2147483647;
			files = (
			);
			runOnlyForDeploymentPostprocessing = 0;
		};
		DFA34A1E27A08BE2006B3A9B /* Resources */ = {
			isa = PBXResourcesBuildPhase;
			buildActionMask = 2147483647;
			files = (
			);
			runOnlyForDeploymentPostprocessing = 0;
		};
/* End PBXResourcesBuildPhase section */

/* Begin PBXShellScriptBuildPhase section */
		DFA34A3327A08CBF006B3A9B /* SwiftLint */ = {
			isa = PBXShellScriptBuildPhase;
			buildActionMask = 2147483647;
			files = (
			);
			inputFileListPaths = (
			);
			inputPaths = (
			);
			name = SwiftLint;
			outputFileListPaths = (
			);
			outputPaths = (
			);
			runOnlyForDeploymentPostprocessing = 0;
			shellPath = /bin/sh;
			shellScript = "if which swiftlint >/dev/null; then\n    swiftlint --fix && swiftlint\nelse\n    echo \"warning: SwiftLint not installed, download from https://github.com/realm/SwiftLint\"\nfi\n";
		};
/* End PBXShellScriptBuildPhase section */

/* Begin PBXSourcesBuildPhase section */
		DFA34A0227A08BE0006B3A9B /* Sources */ = {
			isa = PBXSourcesBuildPhase;
			buildActionMask = 2147483647;
			files = (
				DFCEAD8A27AC77D100D1B388 /* History.swift in Sources */,
				DFCEAD7827A716E500D1B388 /* ThemePicker.swift in Sources */,
				DFCEAD8027A8746F00D1B388 /* ScrumProgressViewStyle.swift in Sources */,
				DFCEAD8427AB1FA400D1B388 /* MeetingFooterView.swift in Sources */,
				DFCEAD8227A9C56D00D1B388 /* ScrumTimer.swift in Sources */,
				DF56DB1227A3294500340A7B /* DailyScrum.swift in Sources */,
				DFADA2FF27A5FAA600D92EA2 /* DetailView.swift in Sources */,
				DFCEAD7E27A86BFA00D1B388 /* MeetingHeaderView.swift in Sources */,
				DFCEAD7427A6F74C00D1B388 /* DetailEditView.swift in Sources */,
				DF26AC0F27B1119800590A01 /* MeetingTimerView.swift in Sources */,
				DF56DB1627A331B000340A7B /* TrailingIconLabelStyle.swift in Sources */,
				DF26AC0B27B0473B00590A01 /* ErrorWrapper.swift in Sources */,
				DF26AC0927AE94F700590A01 /* ScrumStore.swift .swift in Sources */,
				DF56DB1027A327A200340A7B /* Theme.swift in Sources */,
				DF56DB1927A3391900340A7B /* ScrumsView.swift in Sources */,
				DFA34A0C27A08BE0006B3A9B /* MeetingView.swift in Sources */,
				DF26AC0D27B0483400590A01 /* ErrorView.swift in Sources */,
				DFA34A0A27A08BE0006B3A9B /* ScrumdingerApp.swift in Sources */,
				DFCEAD7627A70EE800D1B388 /* ThemeView.swift in Sources */,
				DF56DB1427A32AF600340A7B /* CardView.swift in Sources */,
				DF26AC1127B11D3400590A01 /* SpeakerArc.swift in Sources */,
				DFCEAD8627AB281000D1B388 /* AVPlayer+Ding.swift in Sources */,
			);
			runOnlyForDeploymentPostprocessing = 0;
		};
		DFA34A1227A08BE2006B3A9B /* Sources */ = {
			isa = PBXSourcesBuildPhase;
			buildActionMask = 2147483647;
			files = (
				DFA34A1B27A08BE2006B3A9B /* ScrumdingerTests.swift in Sources */,
				DFE04A7A27A3496B001BB288 /* ThemeTests.swift in Sources */,
			);
			runOnlyForDeploymentPostprocessing = 0;
		};
		DFA34A1C27A08BE2006B3A9B /* Sources */ = {
			isa = PBXSourcesBuildPhase;
			buildActionMask = 2147483647;
			files = (
				DFA34A2727A08BE2006B3A9B /* ScrumdingerUITestsLaunchTests.swift in Sources */,
				DFA34A2527A08BE2006B3A9B /* ScrumdingerUITests.swift in Sources */,
			);
			runOnlyForDeploymentPostprocessing = 0;
		};
/* End PBXSourcesBuildPhase section */

/* Begin PBXTargetDependency section */
		DFA34A1827A08BE2006B3A9B /* PBXTargetDependency */ = {
			isa = PBXTargetDependency;
			target = DFA34A0527A08BE0006B3A9B /* Scrumdinger */;
			targetProxy = DFA34A1727A08BE2006B3A9B /* PBXContainerItemProxy */;
		};
		DFA34A2227A08BE2006B3A9B /* PBXTargetDependency */ = {
			isa = PBXTargetDependency;
			target = DFA34A0527A08BE0006B3A9B /* Scrumdinger */;
			targetProxy = DFA34A2127A08BE2006B3A9B /* PBXContainerItemProxy */;
		};
/* End PBXTargetDependency section */

/* Begin XCBuildConfiguration section */
		DFA34A2827A08BE2006B3A9B /* Debug */ = {
			isa = XCBuildConfiguration;
			buildSettings = {
				ALWAYS_SEARCH_USER_PATHS = NO;
				CLANG_ANALYZER_NONNULL = YES;
				CLANG_ANALYZER_NUMBER_OBJECT_CONVERSION = YES_AGGRESSIVE;
				CLANG_CXX_LANGUAGE_STANDARD = "gnu++17";
				CLANG_CXX_LIBRARY = "libc++";
				CLANG_ENABLE_MODULES = YES;
				CLANG_ENABLE_OBJC_ARC = YES;
				CLANG_ENABLE_OBJC_WEAK = YES;
				CLANG_WARN_BLOCK_CAPTURE_AUTORELEASING = YES;
				CLANG_WARN_BOOL_CONVERSION = YES;
				CLANG_WARN_COMMA = YES;
				CLANG_WARN_CONSTANT_CONVERSION = YES;
				CLANG_WARN_DEPRECATED_OBJC_IMPLEMENTATIONS = YES;
				CLANG_WARN_DIRECT_OBJC_ISA_USAGE = YES_ERROR;
				CLANG_WARN_DOCUMENTATION_COMMENTS = YES;
				CLANG_WARN_EMPTY_BODY = YES;
				CLANG_WARN_ENUM_CONVERSION = YES;
				CLANG_WARN_INFINITE_RECURSION = YES;
				CLANG_WARN_INT_CONVERSION = YES;
				CLANG_WARN_NON_LITERAL_NULL_CONVERSION = YES;
				CLANG_WARN_OBJC_IMPLICIT_RETAIN_SELF = YES;
				CLANG_WARN_OBJC_LITERAL_CONVERSION = YES;
				CLANG_WARN_OBJC_ROOT_CLASS = YES_ERROR;
				CLANG_WARN_QUOTED_INCLUDE_IN_FRAMEWORK_HEADER = YES;
				CLANG_WARN_RANGE_LOOP_ANALYSIS = YES;
				CLANG_WARN_STRICT_PROTOTYPES = YES;
				CLANG_WARN_SUSPICIOUS_MOVE = YES;
				CLANG_WARN_UNGUARDED_AVAILABILITY = YES_AGGRESSIVE;
				CLANG_WARN_UNREACHABLE_CODE = YES;
				CLANG_WARN__DUPLICATE_METHOD_MATCH = YES;
				COPY_PHASE_STRIP = NO;
				DEBUG_INFORMATION_FORMAT = dwarf;
				ENABLE_STRICT_OBJC_MSGSEND = YES;
				ENABLE_TESTABILITY = YES;
				GCC_C_LANGUAGE_STANDARD = gnu11;
				GCC_DYNAMIC_NO_PIC = NO;
				GCC_NO_COMMON_BLOCKS = YES;
				GCC_OPTIMIZATION_LEVEL = 0;
				GCC_PREPROCESSOR_DEFINITIONS = (
					"DEBUG=1",
					"$(inherited)",
				);
				GCC_WARN_64_TO_32_BIT_CONVERSION = YES;
				GCC_WARN_ABOUT_RETURN_TYPE = YES_ERROR;
				GCC_WARN_UNDECLARED_SELECTOR = YES;
				GCC_WARN_UNINITIALIZED_AUTOS = YES_AGGRESSIVE;
				GCC_WARN_UNUSED_FUNCTION = YES;
				GCC_WARN_UNUSED_VARIABLE = YES;
				IPHONEOS_DEPLOYMENT_TARGET = 15.2;
				MTL_ENABLE_DEBUG_INFO = INCLUDE_SOURCE;
				MTL_FAST_MATH = YES;
				ONLY_ACTIVE_ARCH = YES;
				SDKROOT = iphoneos;
				SWIFT_ACTIVE_COMPILATION_CONDITIONS = DEBUG;
				SWIFT_OPTIMIZATION_LEVEL = "-Onone";
			};
			name = Debug;
		};
		DFA34A2927A08BE2006B3A9B /* Release */ = {
			isa = XCBuildConfiguration;
			buildSettings = {
				ALWAYS_SEARCH_USER_PATHS = NO;
				CLANG_ANALYZER_NONNULL = YES;
				CLANG_ANALYZER_NUMBER_OBJECT_CONVERSION = YES_AGGRESSIVE;
				CLANG_CXX_LANGUAGE_STANDARD = "gnu++17";
				CLANG_CXX_LIBRARY = "libc++";
				CLANG_ENABLE_MODULES = YES;
				CLANG_ENABLE_OBJC_ARC = YES;
				CLANG_ENABLE_OBJC_WEAK = YES;
				CLANG_WARN_BLOCK_CAPTURE_AUTORELEASING = YES;
				CLANG_WARN_BOOL_CONVERSION = YES;
				CLANG_WARN_COMMA = YES;
				CLANG_WARN_CONSTANT_CONVERSION = YES;
				CLANG_WARN_DEPRECATED_OBJC_IMPLEMENTATIONS = YES;
				CLANG_WARN_DIRECT_OBJC_ISA_USAGE = YES_ERROR;
				CLANG_WARN_DOCUMENTATION_COMMENTS = YES;
				CLANG_WARN_EMPTY_BODY = YES;
				CLANG_WARN_ENUM_CONVERSION = YES;
				CLANG_WARN_INFINITE_RECURSION = YES;
				CLANG_WARN_INT_CONVERSION = YES;
				CLANG_WARN_NON_LITERAL_NULL_CONVERSION = YES;
				CLANG_WARN_OBJC_IMPLICIT_RETAIN_SELF = YES;
				CLANG_WARN_OBJC_LITERAL_CONVERSION = YES;
				CLANG_WARN_OBJC_ROOT_CLASS = YES_ERROR;
				CLANG_WARN_QUOTED_INCLUDE_IN_FRAMEWORK_HEADER = YES;
				CLANG_WARN_RANGE_LOOP_ANALYSIS = YES;
				CLANG_WARN_STRICT_PROTOTYPES = YES;
				CLANG_WARN_SUSPICIOUS_MOVE = YES;
				CLANG_WARN_UNGUARDED_AVAILABILITY = YES_AGGRESSIVE;
				CLANG_WARN_UNREACHABLE_CODE = YES;
				CLANG_WARN__DUPLICATE_METHOD_MATCH = YES;
				COPY_PHASE_STRIP = NO;
				DEBUG_INFORMATION_FORMAT = "dwarf-with-dsym";
				ENABLE_NS_ASSERTIONS = NO;
				ENABLE_STRICT_OBJC_MSGSEND = YES;
				GCC_C_LANGUAGE_STANDARD = gnu11;
				GCC_NO_COMMON_BLOCKS = YES;
				GCC_WARN_64_TO_32_BIT_CONVERSION = YES;
				GCC_WARN_ABOUT_RETURN_TYPE = YES_ERROR;
				GCC_WARN_UNDECLARED_SELECTOR = YES;
				GCC_WARN_UNINITIALIZED_AUTOS = YES_AGGRESSIVE;
				GCC_WARN_UNUSED_FUNCTION = YES;
				GCC_WARN_UNUSED_VARIABLE = YES;
				IPHONEOS_DEPLOYMENT_TARGET = 15.2;
				MTL_ENABLE_DEBUG_INFO = NO;
				MTL_FAST_MATH = YES;
				SDKROOT = iphoneos;
				SWIFT_COMPILATION_MODE = wholemodule;
				SWIFT_OPTIMIZATION_LEVEL = "-O";
				VALIDATE_PRODUCT = YES;
			};
			name = Release;
		};
		DFA34A2B27A08BE2006B3A9B /* Debug */ = {
			isa = XCBuildConfiguration;
			buildSettings = {
				ASSETCATALOG_COMPILER_APPICON_NAME = AppIcon;
				ASSETCATALOG_COMPILER_GLOBAL_ACCENT_COLOR_NAME = AccentColor;
				CODE_SIGN_STYLE = Automatic;
				CURRENT_PROJECT_VERSION = 1;
				DEVELOPMENT_ASSET_PATHS = "\"Scrumdinger/Preview Content\"";
				DEVELOPMENT_TEAM = 3H9LYTUKJE;
				ENABLE_PREVIEWS = YES;
				GENERATE_INFOPLIST_FILE = YES;
				INFOPLIST_KEY_UIApplicationSceneManifest_Generation = YES;
				INFOPLIST_KEY_UIApplicationSupportsIndirectInputEvents = YES;
				INFOPLIST_KEY_UILaunchScreen_Generation = YES;
				INFOPLIST_KEY_UISupportedInterfaceOrientations_iPad = "UIInterfaceOrientationPortrait UIInterfaceOrientationPortraitUpsideDown UIInterfaceOrientationLandscapeLeft UIInterfaceOrientationLandscapeRight";
				INFOPLIST_KEY_UISupportedInterfaceOrientations_iPhone = "UIInterfaceOrientationPortrait UIInterfaceOrientationLandscapeLeft UIInterfaceOrientationLandscapeRight";
				LD_RUNPATH_SEARCH_PATHS = (
					"$(inherited)",
					"@executable_path/Frameworks",
				);
				MARKETING_VERSION = 1.0;
				PRODUCT_BUNDLE_IDENTIFIER = de.sportfloh.Scrumdinger;
				PRODUCT_NAME = "$(TARGET_NAME)";
				SWIFT_EMIT_LOC_STRINGS = YES;
				SWIFT_VERSION = 5.0;
				TARGETED_DEVICE_FAMILY = "1,2";
			};
			name = Debug;
		};
		DFA34A2C27A08BE2006B3A9B /* Release */ = {
			isa = XCBuildConfiguration;
			buildSettings = {
				ASSETCATALOG_COMPILER_APPICON_NAME = AppIcon;
				ASSETCATALOG_COMPILER_GLOBAL_ACCENT_COLOR_NAME = AccentColor;
				CODE_SIGN_STYLE = Automatic;
				CURRENT_PROJECT_VERSION = 1;
				DEVELOPMENT_ASSET_PATHS = "\"Scrumdinger/Preview Content\"";
				DEVELOPMENT_TEAM = 3H9LYTUKJE;
				ENABLE_PREVIEWS = YES;
				GENERATE_INFOPLIST_FILE = YES;
				INFOPLIST_KEY_UIApplicationSceneManifest_Generation = YES;
				INFOPLIST_KEY_UIApplicationSupportsIndirectInputEvents = YES;
				INFOPLIST_KEY_UILaunchScreen_Generation = YES;
				INFOPLIST_KEY_UISupportedInterfaceOrientations_iPad = "UIInterfaceOrientationPortrait UIInterfaceOrientationPortraitUpsideDown UIInterfaceOrientationLandscapeLeft UIInterfaceOrientationLandscapeRight";
				INFOPLIST_KEY_UISupportedInterfaceOrientations_iPhone = "UIInterfaceOrientationPortrait UIInterfaceOrientationLandscapeLeft UIInterfaceOrientationLandscapeRight";
				LD_RUNPATH_SEARCH_PATHS = (
					"$(inherited)",
					"@executable_path/Frameworks",
				);
				MARKETING_VERSION = 1.0;
				PRODUCT_BUNDLE_IDENTIFIER = de.sportfloh.Scrumdinger;
				PRODUCT_NAME = "$(TARGET_NAME)";
				SWIFT_EMIT_LOC_STRINGS = YES;
				SWIFT_VERSION = 5.0;
				TARGETED_DEVICE_FAMILY = "1,2";
			};
			name = Release;
		};
		DFA34A2E27A08BE2006B3A9B /* Debug */ = {
			isa = XCBuildConfiguration;
			buildSettings = {
				ALWAYS_EMBED_SWIFT_STANDARD_LIBRARIES = YES;
				BUNDLE_LOADER = "$(TEST_HOST)";
				CODE_SIGN_STYLE = Automatic;
				CURRENT_PROJECT_VERSION = 1;
				DEVELOPMENT_TEAM = 3H9LYTUKJE;
				GENERATE_INFOPLIST_FILE = YES;
				IPHONEOS_DEPLOYMENT_TARGET = 15.2;
				MARKETING_VERSION = 1.0;
				PRODUCT_BUNDLE_IDENTIFIER = de.sportfloh.ScrumdingerTests;
				PRODUCT_NAME = "$(TARGET_NAME)";
				SWIFT_EMIT_LOC_STRINGS = NO;
				SWIFT_VERSION = 5.0;
				TARGETED_DEVICE_FAMILY = "1,2";
				TEST_HOST = "$(BUILT_PRODUCTS_DIR)/Scrumdinger.app/Scrumdinger";
			};
			name = Debug;
		};
		DFA34A2F27A08BE2006B3A9B /* Release */ = {
			isa = XCBuildConfiguration;
			buildSettings = {
				ALWAYS_EMBED_SWIFT_STANDARD_LIBRARIES = YES;
				BUNDLE_LOADER = "$(TEST_HOST)";
				CODE_SIGN_STYLE = Automatic;
				CURRENT_PROJECT_VERSION = 1;
				DEVELOPMENT_TEAM = 3H9LYTUKJE;
				GENERATE_INFOPLIST_FILE = YES;
				IPHONEOS_DEPLOYMENT_TARGET = 15.2;
				MARKETING_VERSION = 1.0;
				PRODUCT_BUNDLE_IDENTIFIER = de.sportfloh.ScrumdingerTests;
				PRODUCT_NAME = "$(TARGET_NAME)";
				SWIFT_EMIT_LOC_STRINGS = NO;
				SWIFT_VERSION = 5.0;
				TARGETED_DEVICE_FAMILY = "1,2";
				TEST_HOST = "$(BUILT_PRODUCTS_DIR)/Scrumdinger.app/Scrumdinger";
			};
			name = Release;
		};
		DFA34A3127A08BE2006B3A9B /* Debug */ = {
			isa = XCBuildConfiguration;
			buildSettings = {
				ALWAYS_EMBED_SWIFT_STANDARD_LIBRARIES = YES;
				CODE_SIGN_STYLE = Automatic;
				CURRENT_PROJECT_VERSION = 1;
				DEVELOPMENT_TEAM = 3H9LYTUKJE;
				GENERATE_INFOPLIST_FILE = YES;
				MARKETING_VERSION = 1.0;
				PRODUCT_BUNDLE_IDENTIFIER = de.sportfloh.ScrumdingerUITests;
				PRODUCT_NAME = "$(TARGET_NAME)";
				SWIFT_EMIT_LOC_STRINGS = NO;
				SWIFT_VERSION = 5.0;
				TARGETED_DEVICE_FAMILY = "1,2";
				TEST_TARGET_NAME = Scrumdinger;
			};
			name = Debug;
		};
		DFA34A3227A08BE2006B3A9B /* Release */ = {
			isa = XCBuildConfiguration;
			buildSettings = {
				ALWAYS_EMBED_SWIFT_STANDARD_LIBRARIES = YES;
				CODE_SIGN_STYLE = Automatic;
				CURRENT_PROJECT_VERSION = 1;
				DEVELOPMENT_TEAM = 3H9LYTUKJE;
				GENERATE_INFOPLIST_FILE = YES;
				MARKETING_VERSION = 1.0;
				PRODUCT_BUNDLE_IDENTIFIER = de.sportfloh.ScrumdingerUITests;
				PRODUCT_NAME = "$(TARGET_NAME)";
				SWIFT_EMIT_LOC_STRINGS = NO;
				SWIFT_VERSION = 5.0;
				TARGETED_DEVICE_FAMILY = "1,2";
				TEST_TARGET_NAME = Scrumdinger;
			};
			name = Release;
		};
/* End XCBuildConfiguration section */

/* Begin XCConfigurationList section */
		DFA34A0127A08BE0006B3A9B /* Build configuration list for PBXProject "Scrumdinger" */ = {
			isa = XCConfigurationList;
			buildConfigurations = (
				DFA34A2827A08BE2006B3A9B /* Debug */,
				DFA34A2927A08BE2006B3A9B /* Release */,
			);
			defaultConfigurationIsVisible = 0;
			defaultConfigurationName = Release;
		};
		DFA34A2A27A08BE2006B3A9B /* Build configuration list for PBXNativeTarget "Scrumdinger" */ = {
			isa = XCConfigurationList;
			buildConfigurations = (
				DFA34A2B27A08BE2006B3A9B /* Debug */,
				DFA34A2C27A08BE2006B3A9B /* Release */,
			);
			defaultConfigurationIsVisible = 0;
			defaultConfigurationName = Release;
		};
		DFA34A2D27A08BE2006B3A9B /* Build configuration list for PBXNativeTarget "ScrumdingerTests" */ = {
			isa = XCConfigurationList;
			buildConfigurations = (
				DFA34A2E27A08BE2006B3A9B /* Debug */,
				DFA34A2F27A08BE2006B3A9B /* Release */,
			);
			defaultConfigurationIsVisible = 0;
			defaultConfigurationName = Release;
		};
		DFA34A3027A08BE2006B3A9B /* Build configuration list for PBXNativeTarget "ScrumdingerUITests" */ = {
			isa = XCConfigurationList;
			buildConfigurations = (
				DFA34A3127A08BE2006B3A9B /* Debug */,
				DFA34A3227A08BE2006B3A9B /* Release */,
			);
			defaultConfigurationIsVisible = 0;
			defaultConfigurationName = Release;
		};
/* End XCConfigurationList section */
	};
	rootObject = DFA349FE27A08BE0006B3A9B /* Project object */;
}
